
Microsoft Visual Studio Solution File, Format Version 12.00
# Visual Studio 15
VisualStudioVersion = 15.0.33423.255
MinimumVisualStudioVersion = 10.0.40219.1
Project("{8BC9CEB8-8B4A-11D0-8D11-00A0C91BC942}") = "Tetris_Sample", "Tetris_Sample\Tetris_Sample.vcxproj", "{BBF2B837-8101-40BB-BAD1-D8BA973F6FAB}"
EndProject
Global
	GlobalSection(SolutionConfigurationPlatforms) = preSolution
		Debug|x64 = Debug|x64
		Debug|x86 = Debug|x86
		Release|x64 = Release|x64
		Release|x86 = Release|x86
	EndGlobalSection
	GlobalSection(ProjectConfigurationPlatforms) = postSolution
		{BBF2B837-8101-40BB-BAD1-D8BA973F6FAB}.Debug|x64.ActiveCfg = Debug|x64
		{BBF2B837-8101-40BB-BAD1-D8BA973F6FAB}.Debug|x64.Build.0 = Debug|x64
		{BBF2B837-8101-40BB-BAD1-D8BA973F6FAB}.Debug|x86.ActiveCfg = Debug|Win32
		{BBF2B837-8101-40BB-BAD1-D8BA973F6FAB}.Debug|x86.Build.0 = Debug|Win32
		{BBF2B837-8101-40BB-BAD1-D8BA973F6FAB}.Release|x64.ActiveCfg = Release|x64
		{BBF2B837-8101-40BB-BAD1-D8BA973F6FAB}.Release|x64.Build.0 = Release|x64
		{BBF2B837-8101-40BB-BAD1-D8BA973F6FAB}.Release|x86.ActiveCfg = Release|Win32
		{BBF2B837-8101-40BB-BAD1-D8BA973F6FAB}.Release|x86.Build.0 = Release|Win32
	EndGlobalSection
	GlobalSection(SolutionProperties) = preSolution
		HideSolutionNode = FALSE
	EndGlobalSection
	GlobalSection(ExtensibilityGlobals) = postSolution
		SolutionGuid = {5CA33B94-4365-4E2C-B43C-9C46A89E6D74}
	EndGlobalSection
EndGlobal
